PODS:
  - firebase_app_indexing (0.0.1):
    - Flutter
  - Flutter (1.0.0)

DEPENDENCIES:
  - firebase_app_indexing (from `.symlinks/plugins/firebase_app_indexing/ios`)
  - Flutter (from `Flutter`)

EXTERNAL SOURCES:
  firebase_app_indexing:
    :path: ".symlinks/plugins/firebase_app_indexing/ios"
  Flutter:
    :path: Flutter

SPEC CHECKSUMS:
  firebase_app_indexing: 0a75681dd58ba4fdf733b78e71c2deed0c9d2f7c
  Flutter: 0e3d915762c693b495b44d77113d4970485de6ec

PODFILE CHECKSUM: aafe91acc616949ddb318b77800a7f51bffa2a4c

COCOAPODS: 1.10.0
